{
  "name": "knowledgemap",
  "version": "1.0.1",
  "lockfileVersion": 1,
  "requires": true,
  "dependencies": {
    "metarhia-common": {
      "version": "0.0.23",
      "resolved": "https://registry.npmjs.org/metarhia-common/-/metarhia-common-0.0.23.tgz",
      "integrity": "sha512-e7EkTpzslTow5GoFzZo62kLAb7ge+qKb168cQ9RbgRQkLZW8N5HZk5DrWFUBvV52CCOJw9PYfy8dYW/9zUTmxQ=="
    },
    "metasync": {
      "version": "0.3.12",
      "resolved": "https://registry.npmjs.org/metasync/-/metasync-0.3.12.tgz",
      "integrity": "sha512-xLJNdnMTm7mWY67tPWM5vHOuyLFHubD07oYgf1Do44RcY58klaogtZz66fQZCLqIcLM7ou3wkL27681bRi/JSA==",
      "requires": {
        "metarhia-common": "0.0.23"
      }
    }
  }
}
