{
  "name": "knowledgemap",
  "version": "1.0.3",
  "lockfileVersion": 1,
  "requires": true,
  "dependencies": {
    "metarhia-common": {
      "version": "0.0.26",
      "resolved": "https://registry.npmjs.org/metarhia-common/-/metarhia-common-0.0.26.tgz",
      "integrity": "sha512-bAQ3Nt5EHfFb+ZLh7d/ltxTUlDpHLHCNQCeZOlXyxqeKpV6lIL+SeQ/zONCMFaT7Fe2Mv7lVoiCMAGE98Az0Mw=="
    },
    "metasync": {
      "version": "0.3.23",
      "resolved": "https://registry.npmjs.org/metasync/-/metasync-0.3.23.tgz",
      "integrity": "sha512-sKgaAR5Ld01zMWifUJv5mY/wumYSYZSDE2f34FWGEta1Wi7HzVVjQJ93Y6RoGS39BE+t1e3jD3pO48iXJow7sQ==",
      "requires": {
        "metarhia-common": "0.0.26"
      }
    }
  }
}
